{
  "name": "knn_classifier",
  "version": "1.0.0",
  "lockfileVersion": 3,
  "requires": true,
  "packages": {
    "": {
      "name": "knn_classifier",
      "version": "1.0.0",
      "hasInstallScript": true,
      "license": "ISC",
      "dependencies": {
        "circomlib": "^2.0.5",
        "xlsx": "https://cdn.sheetjs.com/xlsx-0.19.3/xlsx-0.19.3.tgz"
      }
    },
    "node_modules/circomlib": {
      "version": "2.0.5",
      "resolved": "https://registry.npmjs.org/circomlib/-/circomlib-2.0.5.tgz",
      "integrity": "sha512-O7NQ8OS+J4eshBuoy36z/TwQU0YHw8W3zxZcs4hVwpEll3e4hDm3mgkIPqItN8FDeLEKZFK3YeT/+k8TiLF3/A=="
    },
    "node_modules/xlsx": {
      "version": "0.19.3",
      "resolved": "https://cdn.sheetjs.com/xlsx-0.19.3/xlsx-0.19.3.tgz",
      "integrity": "sha512-8IfgFctB7fkvqkTGF2MnrDrC6vzE28Wcc1aSbdDQ+4/WFtzfS73YuapbuaPZwGqpR2e0EeDMIrFOJubQVLWFNA==",
      "license": "Apache-2.0",
      "bin": {
        "xlsx": "bin/xlsx.njs"
      },
      "engines": {
        "node": ">=0.8"
      }
    }
  }
}
